// !$*UTF8*$!
{
	archiveVersion = 1;
	classes = {
	};
	objectVersion = 56;
	objects = {

/* Begin PBXBuildFile section */
		ED0D47B02A26CEB00021D5E6 /* RecipeRequest.swift in Sources */ = {isa = PBXBuildFile; fileRef = ED0D47AF2A26CEB00021D5E6 /* RecipeRequest.swift */; };
		ED0D47B32A26CFB00021D5E6 /* RecipeRequestService.swift in Sources */ = {isa = PBXBuildFile; fileRef = ED0D47B22A26CFB00021D5E6 /* RecipeRequestService.swift */; };
		ED0D47B52A26D0930021D5E6 /* RecipeStore.swift in Sources */ = {isa = PBXBuildFile; fileRef = ED0D47B42A26D0930021D5E6 /* RecipeStore.swift */; };
		ED0D47B72A26D3A50021D5E6 /* RecipeStoreTests.swift in Sources */ = {isa = PBXBuildFile; fileRef = ED0D47B62A26D3A50021D5E6 /* RecipeStoreTests.swift */; };
		ED0D47B92A26F31C0021D5E6 /* MockRecipeStore.swift in Sources */ = {isa = PBXBuildFile; fileRef = ED0D47B82A26F31C0021D5E6 /* MockRecipeStore.swift */; };
		ED0D47BB2A26FC670021D5E6 /* RecipesViewModel.swift in Sources */ = {isa = PBXBuildFile; fileRef = ED0D47BA2A26FC670021D5E6 /* RecipesViewModel.swift */; };
		ED1A894C2A22A24000ED4D13 /* YapeRecipesChallengeApp.swift in Sources */ = {isa = PBXBuildFile; fileRef = ED1A894B2A22A24000ED4D13 /* YapeRecipesChallengeApp.swift */; };
		ED1A894E2A22A24000ED4D13 /* ContentView.swift in Sources */ = {isa = PBXBuildFile; fileRef = ED1A894D2A22A24000ED4D13 /* ContentView.swift */; };
		ED1A89502A22A24200ED4D13 /* Assets.xcassets in Resources */ = {isa = PBXBuildFile; fileRef = ED1A894F2A22A24200ED4D13 /* Assets.xcassets */; };
		ED1A89532A22A24200ED4D13 /* Preview Assets.xcassets in Resources */ = {isa = PBXBuildFile; fileRef = ED1A89522A22A24200ED4D13 /* Preview Assets.xcassets */; };
		ED1A897E2A22A2F600ED4D13 /* Recipe.swift in Sources */ = {isa = PBXBuildFile; fileRef = ED1A897D2A22A2F600ED4D13 /* Recipe.swift */; };
		ED1A89852A22A81500ED4D13 /* HomeView.swift in Sources */ = {isa = PBXBuildFile; fileRef = ED1A89842A22A81500ED4D13 /* HomeView.swift */; };
		ED1A89962A22E04600ED4D13 /* DataParserServiceProtocol.swift in Sources */ = {isa = PBXBuildFile; fileRef = ED1A89952A22E04600ED4D13 /* DataParserServiceProtocol.swift */; };
		ED1A89992A22E0B700ED4D13 /* DataParserServiceTests.swift in Sources */ = {isa = PBXBuildFile; fileRef = ED1A89982A22E0B700ED4D13 /* DataParserServiceTests.swift */; };
		ED1A899C2A23EA4D00ED4D13 /* APIManagerService.swift in Sources */ = {isa = PBXBuildFile; fileRef = ED1A899B2A23EA4D00ED4D13 /* APIManagerService.swift */; };
		ED1A899F2A23EA8E00ED4D13 /* RequestProtocol.swift in Sources */ = {isa = PBXBuildFile; fileRef = ED1A899E2A23EA8E00ED4D13 /* RequestProtocol.swift */; };
		ED1A89A12A23EB3A00ED4D13 /* RequestType.swift in Sources */ = {isa = PBXBuildFile; fileRef = ED1A89A02A23EB3A00ED4D13 /* RequestType.swift */; };
		ED1A89A32A23EC1F00ED4D13 /* Constants.swift in Sources */ = {isa = PBXBuildFile; fileRef = ED1A89A22A23EC1F00ED4D13 /* Constants.swift */; };
		ED1A89A82A23FAE200ED4D13 /* MockRecipes.json in Resources */ = {isa = PBXBuildFile; fileRef = ED1A89A72A23FAE200ED4D13 /* MockRecipes.json */; };
		ED1A89AB2A24001500ED4D13 /* RequestProtocolTests.swift in Sources */ = {isa = PBXBuildFile; fileRef = ED1A89AA2A24001500ED4D13 /* RequestProtocolTests.swift */; };
		ED1A89B02A25144A00ED4D13 /* RequestManagerService.swift in Sources */ = {isa = PBXBuildFile; fileRef = ED1A89AF2A25144A00ED4D13 /* RequestManagerService.swift */; };
		ED1A89B22A25172600ED4D13 /* APIManagerMock.swift in Sources */ = {isa = PBXBuildFile; fileRef = ED1A89B12A25172600ED4D13 /* APIManagerMock.swift */; };
		ED1A89B42A25175A00ED4D13 /* RecipeRequestMock.swift in Sources */ = {isa = PBXBuildFile; fileRef = ED1A89B32A25175A00ED4D13 /* RecipeRequestMock.swift */; };
		ED1A89B62A2517A800ED4D13 /* RequestManagerServiceTests.swift in Sources */ = {isa = PBXBuildFile; fileRef = ED1A89B52A2517A800ED4D13 /* RequestManagerServiceTests.swift */; };
		ED1A89BC2A25485000ED4D13 /* TestURLProtocol.swift in Sources */ = {isa = PBXBuildFile; fileRef = ED1A89BB2A25485000ED4D13 /* TestURLProtocol.swift */; };
		ED1A89BE2A254B2700ED4D13 /* APIManagerServiceTests.swift in Sources */ = {isa = PBXBuildFile; fileRef = ED1A89BD2A254B2700ED4D13 /* APIManagerServiceTests.swift */; };
		EDAE5C112A2BF4E200D05955 /* MapView.swift in Sources */ = {isa = PBXBuildFile; fileRef = EDAE5C102A2BF4E200D05955 /* MapView.swift */; };
		EDAE5C132A2BF52300D05955 /* MapLocationsViewModel.swift in Sources */ = {isa = PBXBuildFile; fileRef = EDAE5C122A2BF52300D05955 /* MapLocationsViewModel.swift */; };
		EDAE5C162A2C0E6B00D05955 /* RecipeLocationGeocodingService.swift in Sources */ = {isa = PBXBuildFile; fileRef = EDAE5C152A2C0E6B00D05955 /* RecipeLocationGeocodingService.swift */; };
		EDAE5C182A2D36F200D05955 /* CLPlacemark+Extensions.swift in Sources */ = {isa = PBXBuildFile; fileRef = EDAE5C172A2D36F200D05955 /* CLPlacemark+Extensions.swift */; };
		EDAE5C1A2A2D3EC100D05955 /* PlacemarkWrapper.swift in Sources */ = {isa = PBXBuildFile; fileRef = EDAE5C192A2D3EC100D05955 /* PlacemarkWrapper.swift */; };
		EDAE5C1E2A2DA84200D05955 /* MapRecipeCardView.swift in Sources */ = {isa = PBXBuildFile; fileRef = EDAE5C1D2A2DA84200D05955 /* MapRecipeCardView.swift */; };
		EDE744632A270187000224EB /* RecipeCardView.swift in Sources */ = {isa = PBXBuildFile; fileRef = EDE744622A270187000224EB /* RecipeCardView.swift */; };
		EDE744662A27026E000224EB /* recipes.json in Resources */ = {isa = PBXBuildFile; fileRef = EDE744652A27026E000224EB /* recipes.json */; };
		EDE744682A270287000224EB /* Recipe+Extension.swift in Sources */ = {isa = PBXBuildFile; fileRef = EDE744672A270287000224EB /* Recipe+Extension.swift */; };
		EDE7446B2A27032E000224EB /* Data+Extensions.swift in Sources */ = {isa = PBXBuildFile; fileRef = EDE7446A2A27032E000224EB /* Data+Extensions.swift */; };
		EDE7446D2A27A8E2000224EB /* RecipeList.swift in Sources */ = {isa = PBXBuildFile; fileRef = EDE7446C2A27A8E2000224EB /* RecipeList.swift */; };
		EDE7446F2A28095A000224EB /* RecipeDetailView.swift in Sources */ = {isa = PBXBuildFile; fileRef = EDE7446E2A280959000224EB /* RecipeDetailView.swift */; };
		EDE744712A2809B2000224EB /* RecipeImageView.swift in Sources */ = {isa = PBXBuildFile; fileRef = EDE744702A2809B2000224EB /* RecipeImageView.swift */; };
		EDE744752A282DFA000224EB /* ImageLoader.swift in Sources */ = {isa = PBXBuildFile; fileRef = EDE744742A282DFA000224EB /* ImageLoader.swift */; };
		EDE744782A2AB356000224EB /* TextView.swift in Sources */ = {isa = PBXBuildFile; fileRef = EDE744772A2AB356000224EB /* TextView.swift */; };
		EDE7447A2A2BDBEF000224EB /* ItemListView.swift in Sources */ = {isa = PBXBuildFile; fileRef = EDE744792A2BDBEF000224EB /* ItemListView.swift */; };
		EDE7447C2A2BE108000224EB /* RecipeDescriptionView.swift in Sources */ = {isa = PBXBuildFile; fileRef = EDE7447B2A2BE108000224EB /* RecipeDescriptionView.swift */; };
/* End PBXBuildFile section */

/* Begin PBXContainerItemProxy section */
		ED1A89592A22A24200ED4D13 /* PBXContainerItemProxy */ = {
			isa = PBXContainerItemProxy;
			containerPortal = ED1A89402A22A24000ED4D13 /* Project object */;
			proxyType = 1;
			remoteGlobalIDString = ED1A89472A22A24000ED4D13;
			remoteInfo = YapeRecipesChallenge;
		};
/* End PBXContainerItemProxy section */

/* Begin PBXFileReference section */
		ED0D47AF2A26CEB00021D5E6 /* RecipeRequest.swift */ = {isa = PBXFileReference; lastKnownFileType = sourcecode.swift; path = RecipeRequest.swift; sourceTree = "<group>"; };
		ED0D47B22A26CFB00021D5E6 /* RecipeRequestService.swift */ = {isa = PBXFileReference; lastKnownFileType = sourcecode.swift; path = RecipeRequestService.swift; sourceTree = "<group>"; };
		ED0D47B42A26D0930021D5E6 /* RecipeStore.swift */ = {isa = PBXFileReference; lastKnownFileType = sourcecode.swift; path = RecipeStore.swift; sourceTree = "<group>"; };
		ED0D47B62A26D3A50021D5E6 /* RecipeStoreTests.swift */ = {isa = PBXFileReference; lastKnownFileType = sourcecode.swift; path = RecipeStoreTests.swift; sourceTree = "<group>"; };
		ED0D47B82A26F31C0021D5E6 /* MockRecipeStore.swift */ = {isa = PBXFileReference; lastKnownFileType = sourcecode.swift; path = MockRecipeStore.swift; sourceTree = "<group>"; };
		ED0D47BA2A26FC670021D5E6 /* RecipesViewModel.swift */ = {isa = PBXFileReference; lastKnownFileType = sourcecode.swift; path = RecipesViewModel.swift; sourceTree = "<group>"; };
		ED1A89482A22A24000ED4D13 /* YapeRecipesChallenge.app */ = {isa = PBXFileReference; explicitFileType = wrapper.application; includeInIndex = 0; path = YapeRecipesChallenge.app; sourceTree = BUILT_PRODUCTS_DIR; };
		ED1A894B2A22A24000ED4D13 /* YapeRecipesChallengeApp.swift */ = {isa = PBXFileReference; lastKnownFileType = sourcecode.swift; path = YapeRecipesChallengeApp.swift; sourceTree = "<group>"; };
		ED1A894D2A22A24000ED4D13 /* ContentView.swift */ = {isa = PBXFileReference; lastKnownFileType = sourcecode.swift; path = ContentView.swift; sourceTree = "<group>"; };
		ED1A894F2A22A24200ED4D13 /* Assets.xcassets */ = {isa = PBXFileReference; lastKnownFileType = folder.assetcatalog; path = Assets.xcassets; sourceTree = "<group>"; };
		ED1A89522A22A24200ED4D13 /* Preview Assets.xcassets */ = {isa = PBXFileReference; lastKnownFileType = folder.assetcatalog; path = "Preview Assets.xcassets"; sourceTree = "<group>"; };
		ED1A89582A22A24200ED4D13 /* YapeRecipesChallengeTests.xctest */ = {isa = PBXFileReference; explicitFileType = wrapper.cfbundle; includeInIndex = 0; path = YapeRecipesChallengeTests.xctest; sourceTree = BUILT_PRODUCTS_DIR; };
		ED1A897D2A22A2F600ED4D13 /* Recipe.swift */ = {isa = PBXFileReference; lastKnownFileType = sourcecode.swift; path = Recipe.swift; sourceTree = "<group>"; };
		ED1A89842A22A81500ED4D13 /* HomeView.swift */ = {isa = PBXFileReference; lastKnownFileType = sourcecode.swift; path = HomeView.swift; sourceTree = "<group>"; };
		ED1A89952A22E04600ED4D13 /* DataParserServiceProtocol.swift */ = {isa = PBXFileReference; lastKnownFileType = sourcecode.swift; path = DataParserServiceProtocol.swift; sourceTree = "<group>"; };
		ED1A89982A22E0B700ED4D13 /* DataParserServiceTests.swift */ = {isa = PBXFileReference; lastKnownFileType = sourcecode.swift; path = DataParserServiceTests.swift; sourceTree = "<group>"; };
		ED1A899B2A23EA4D00ED4D13 /* APIManagerService.swift */ = {isa = PBXFileReference; lastKnownFileType = sourcecode.swift; path = APIManagerService.swift; sourceTree = "<group>"; };
		ED1A899E2A23EA8E00ED4D13 /* RequestProtocol.swift */ = {isa = PBXFileReference; lastKnownFileType = sourcecode.swift; path = RequestProtocol.swift; sourceTree = "<group>"; };
		ED1A89A02A23EB3A00ED4D13 /* RequestType.swift */ = {isa = PBXFileReference; lastKnownFileType = sourcecode.swift; path = RequestType.swift; sourceTree = "<group>"; };
		ED1A89A22A23EC1F00ED4D13 /* Constants.swift */ = {isa = PBXFileReference; lastKnownFileType = sourcecode.swift; path = Constants.swift; sourceTree = "<group>"; };
		ED1A89A72A23FAE200ED4D13 /* MockRecipes.json */ = {isa = PBXFileReference; lastKnownFileType = text.json; path = MockRecipes.json; sourceTree = "<group>"; };
		ED1A89AA2A24001500ED4D13 /* RequestProtocolTests.swift */ = {isa = PBXFileReference; lastKnownFileType = sourcecode.swift; path = RequestProtocolTests.swift; sourceTree = "<group>"; };
		ED1A89AF2A25144A00ED4D13 /* RequestManagerService.swift */ = {isa = PBXFileReference; lastKnownFileType = sourcecode.swift; path = RequestManagerService.swift; sourceTree = "<group>"; };
		ED1A89B12A25172600ED4D13 /* APIManagerMock.swift */ = {isa = PBXFileReference; lastKnownFileType = sourcecode.swift; path = APIManagerMock.swift; sourceTree = "<group>"; };
		ED1A89B32A25175A00ED4D13 /* RecipeRequestMock.swift */ = {isa = PBXFileReference; lastKnownFileType = sourcecode.swift; path = RecipeRequestMock.swift; sourceTree = "<group>"; };
		ED1A89B52A2517A800ED4D13 /* RequestManagerServiceTests.swift */ = {isa = PBXFileReference; lastKnownFileType = sourcecode.swift; path = RequestManagerServiceTests.swift; sourceTree = "<group>"; };
		ED1A89BB2A25485000ED4D13 /* TestURLProtocol.swift */ = {isa = PBXFileReference; lastKnownFileType = sourcecode.swift; path = TestURLProtocol.swift; sourceTree = "<group>"; };
		ED1A89BD2A254B2700ED4D13 /* APIManagerServiceTests.swift */ = {isa = PBXFileReference; lastKnownFileType = sourcecode.swift; path = APIManagerServiceTests.swift; sourceTree = "<group>"; };
		EDAE5C102A2BF4E200D05955 /* MapView.swift */ = {isa = PBXFileReference; lastKnownFileType = sourcecode.swift; path = MapView.swift; sourceTree = "<group>"; };
		EDAE5C122A2BF52300D05955 /* MapLocationsViewModel.swift */ = {isa = PBXFileReference; lastKnownFileType = sourcecode.swift; path = MapLocationsViewModel.swift; sourceTree = "<group>"; };
		EDAE5C152A2C0E6B00D05955 /* RecipeLocationGeocodingService.swift */ = {isa = PBXFileReference; lastKnownFileType = sourcecode.swift; path = RecipeLocationGeocodingService.swift; sourceTree = "<group>"; };
		EDAE5C172A2D36F200D05955 /* CLPlacemark+Extensions.swift */ = {isa = PBXFileReference; lastKnownFileType = sourcecode.swift; path = "CLPlacemark+Extensions.swift"; sourceTree = "<group>"; };
		EDAE5C192A2D3EC100D05955 /* PlacemarkWrapper.swift */ = {isa = PBXFileReference; lastKnownFileType = sourcecode.swift; path = PlacemarkWrapper.swift; sourceTree = "<group>"; };
		EDAE5C1D2A2DA84200D05955 /* MapRecipeCardView.swift */ = {isa = PBXFileReference; lastKnownFileType = sourcecode.swift; path = MapRecipeCardView.swift; sourceTree = "<group>"; };
		EDE744622A270187000224EB /* RecipeCardView.swift */ = {isa = PBXFileReference; lastKnownFileType = sourcecode.swift; path = RecipeCardView.swift; sourceTree = "<group>"; };
		EDE744652A27026E000224EB /* recipes.json */ = {isa = PBXFileReference; lastKnownFileType = text.json; path = recipes.json; sourceTree = "<group>"; };
		EDE744672A270287000224EB /* Recipe+Extension.swift */ = {isa = PBXFileReference; lastKnownFileType = sourcecode.swift; path = "Recipe+Extension.swift"; sourceTree = "<group>"; };
		EDE7446A2A27032E000224EB /* Data+Extensions.swift */ = {isa = PBXFileReference; lastKnownFileType = sourcecode.swift; path = "Data+Extensions.swift"; sourceTree = "<group>"; };
		EDE7446C2A27A8E2000224EB /* RecipeList.swift */ = {isa = PBXFileReference; lastKnownFileType = sourcecode.swift; path = RecipeList.swift; sourceTree = "<group>"; };
		EDE7446E2A280959000224EB /* RecipeDetailView.swift */ = {isa = PBXFileReference; lastKnownFileType = sourcecode.swift; path = RecipeDetailView.swift; sourceTree = "<group>"; };
		EDE744702A2809B2000224EB /* RecipeImageView.swift */ = {isa = PBXFileReference; lastKnownFileType = sourcecode.swift; path = RecipeImageView.swift; sourceTree = "<group>"; };
		EDE744742A282DFA000224EB /* ImageLoader.swift */ = {isa = PBXFileReference; lastKnownFileType = sourcecode.swift; path = ImageLoader.swift; sourceTree = "<group>"; };
		EDE744772A2AB356000224EB /* TextView.swift */ = {isa = PBXFileReference; lastKnownFileType = sourcecode.swift; path = TextView.swift; sourceTree = "<group>"; };
		EDE744792A2BDBEF000224EB /* ItemListView.swift */ = {isa = PBXFileReference; lastKnownFileType = sourcecode.swift; path = ItemListView.swift; sourceTree = "<group>"; };
		EDE7447B2A2BE108000224EB /* RecipeDescriptionView.swift */ = {isa = PBXFileReference; lastKnownFileType = sourcecode.swift; path = RecipeDescriptionView.swift; sourceTree = "<group>"; };
/* End PBXFileReference section */

/* Begin PBXFrameworksBuildPhase section */
		ED1A89452A22A24000ED4D13 /* Frameworks */ = {
			isa = PBXFrameworksBuildPhase;
			buildActionMask = 2147483647;
			files = (
			);
			runOnlyForDeploymentPostprocessing = 0;
		};
		ED1A89552A22A24200ED4D13 /* Frameworks */ = {
			isa = PBXFrameworksBuildPhase;
			buildActionMask = 2147483647;
			files = (
			);
			runOnlyForDeploymentPostprocessing = 0;
		};
/* End PBXFrameworksBuildPhase section */

/* Begin PBXGroup section */
		ED0D47B12A26CF950021D5E6 /* Recipes */ = {
			isa = PBXGroup;
			children = (
				ED0D47B22A26CFB00021D5E6 /* RecipeRequestService.swift */,
				ED0D47B42A26D0930021D5E6 /* RecipeStore.swift */,
			);
			path = Recipes;
			sourceTree = "<group>";
		};
		ED1A893F2A22A24000ED4D13 = {
			isa = PBXGroup;
			children = (
				ED1A894A2A22A24000ED4D13 /* YapeRecipesChallenge */,
				ED1A895B2A22A24200ED4D13 /* YapeRecipesChallengeTests */,
				ED1A89492A22A24000ED4D13 /* Products */,
			);
			sourceTree = "<group>";
		};
		ED1A89492A22A24000ED4D13 /* Products */ = {
			isa = PBXGroup;
			children = (
				ED1A89482A22A24000ED4D13 /* YapeRecipesChallenge.app */,
				ED1A89582A22A24200ED4D13 /* YapeRecipesChallengeTests.xctest */,
			);
			name = Products;
			sourceTree = "<group>";
		};
		ED1A894A2A22A24000ED4D13 /* YapeRecipesChallenge */ = {
			isa = PBXGroup;
			children = (
				ED1A89752A22A25400ED4D13 /* App */,
				ED1A897B2A22A28E00ED4D13 /* Resources */,
				ED1A89762A22A25A00ED4D13 /* Models */,
				ED1A89782A22A26F00ED4D13 /* Views */,
				ED1A89792A22A27700ED4D13 /* ViewModels */,
				ED1A897A2A22A28900ED4D13 /* Services */,
				ED1A894F2A22A24200ED4D13 /* Assets.xcassets */,
				ED1A89512A22A24200ED4D13 /* Preview Content */,
			);
			path = YapeRecipesChallenge;
			sourceTree = "<group>";
		};
		ED1A89512A22A24200ED4D13 /* Preview Content */ = {
			isa = PBXGroup;
			children = (
				ED1A89522A22A24200ED4D13 /* Preview Assets.xcassets */,
			);
			path = "Preview Content";
			sourceTree = "<group>";
		};
		ED1A895B2A22A24200ED4D13 /* YapeRecipesChallengeTests */ = {
			isa = PBXGroup;
			children = (
				ED1A89BA2A25484300ED4D13 /* Utilities */,
				ED1A89AE2A25125C00ED4D13 /* Mocks */,
				ED1A89A92A23FFFA00ED4D13 /* Network */,
				ED1A89972A22E09F00ED4D13 /* Services */,
			);
			path = YapeRecipesChallengeTests;
			sourceTree = "<group>";
		};
		ED1A89752A22A25400ED4D13 /* App */ = {
			isa = PBXGroup;
			children = (
				ED1A894B2A22A24000ED4D13 /* YapeRecipesChallengeApp.swift */,
			);
			path = App;
			sourceTree = "<group>";
		};
		ED1A89762A22A25A00ED4D13 /* Models */ = {
			isa = PBXGroup;
			children = (
				ED1A897D2A22A2F600ED4D13 /* Recipe.swift */,
				EDE744672A270287000224EB /* Recipe+Extension.swift */,
			);
			path = Models;
			sourceTree = "<group>";
		};
		ED1A89782A22A26F00ED4D13 /* Views */ = {
			isa = PBXGroup;
			children = (
				EDE744762A2AB33C000224EB /* HelperViews */,
				EDE7445F2A270167000224EB /* Components */,
				ED1A897F2A22A41800ED4D13 /* Home */,
				ED1A89802A22A77600ED4D13 /* Details */,
				ED1A89812A22A7B000ED4D13 /* Map */,
			);
			path = Views;
			sourceTree = "<group>";
		};
		ED1A89792A22A27700ED4D13 /* ViewModels */ = {
			isa = PBXGroup;
			children = (
				ED0D47BA2A26FC670021D5E6 /* RecipesViewModel.swift */,
				EDAE5C122A2BF52300D05955 /* MapLocationsViewModel.swift */,
			);
			path = ViewModels;
			sourceTree = "<group>";
		};
		ED1A897A2A22A28900ED4D13 /* Services */ = {
			isa = PBXGroup;
			children = (
				EDAE5C142A2C0E4900D05955 /* LocationServices */,
				ED0D47B12A26CF950021D5E6 /* Recipes */,
				ED1A899D2A23EA7A00ED4D13 /* Request */,
				ED1A899A2A23EA2700ED4D13 /* Networking */,
				ED1A89942A22E01300ED4D13 /* Data */,
			);
			path = Services;
			sourceTree = "<group>";
		};
		ED1A897B2A22A28E00ED4D13 /* Resources */ = {
			isa = PBXGroup;
			children = (
				EDE744692A270325000224EB /* Extensions */,
				EDE744642A27025D000224EB /* Misc */,
				ED1A89A22A23EC1F00ED4D13 /* Constants.swift */,
			);
			path = Resources;
			sourceTree = "<group>";
		};
		ED1A897F2A22A41800ED4D13 /* Home */ = {
			isa = PBXGroup;
			children = (
				ED1A894D2A22A24000ED4D13 /* ContentView.swift */,
				ED1A89842A22A81500ED4D13 /* HomeView.swift */,
			);
			path = Home;
			sourceTree = "<group>";
		};
		ED1A89802A22A77600ED4D13 /* Details */ = {
			isa = PBXGroup;
			children = (
				EDE7446E2A280959000224EB /* RecipeDetailView.swift */,
			);
			path = Details;
			sourceTree = "<group>";
		};
		ED1A89812A22A7B000ED4D13 /* Map */ = {
			isa = PBXGroup;
			children = (
				EDAE5C102A2BF4E200D05955 /* MapView.swift */,
			);
			path = Map;
			sourceTree = "<group>";
		};
		ED1A89942A22E01300ED4D13 /* Data */ = {
			isa = PBXGroup;
			children = (
				ED1A89952A22E04600ED4D13 /* DataParserServiceProtocol.swift */,
			);
			path = Data;
			sourceTree = "<group>";
		};
		ED1A89972A22E09F00ED4D13 /* Services */ = {
			isa = PBXGroup;
			children = (
				ED1A89982A22E0B700ED4D13 /* DataParserServiceTests.swift */,
				ED0D47B62A26D3A50021D5E6 /* RecipeStoreTests.swift */,
			);
			path = Services;
			sourceTree = "<group>";
		};
		ED1A899A2A23EA2700ED4D13 /* Networking */ = {
			isa = PBXGroup;
			children = (
				ED1A899B2A23EA4D00ED4D13 /* APIManagerService.swift */,
				ED1A89AF2A25144A00ED4D13 /* RequestManagerService.swift */,
			);
			path = Networking;
			sourceTree = "<group>";
		};
		ED1A899D2A23EA7A00ED4D13 /* Request */ = {
			isa = PBXGroup;
			children = (
				ED1A899E2A23EA8E00ED4D13 /* RequestProtocol.swift */,
				ED1A89A02A23EB3A00ED4D13 /* RequestType.swift */,
				ED0D47AF2A26CEB00021D5E6 /* RecipeRequest.swift */,
			);
			path = Request;
			sourceTree = "<group>";
		};
		ED1A89A92A23FFFA00ED4D13 /* Network */ = {
			isa = PBXGroup;
			children = (
				ED1A89AA2A24001500ED4D13 /* RequestProtocolTests.swift */,
				ED1A89B52A2517A800ED4D13 /* RequestManagerServiceTests.swift */,
				ED1A89BD2A254B2700ED4D13 /* APIManagerServiceTests.swift */,
			);
			path = Network;
			sourceTree = "<group>";
		};
		ED1A89AE2A25125C00ED4D13 /* Mocks */ = {
			isa = PBXGroup;
			children = (
				ED1A89B72A251D0D00ED4D13 /* Resources */,
				ED1A89B12A25172600ED4D13 /* APIManagerMock.swift */,
				ED1A89B32A25175A00ED4D13 /* RecipeRequestMock.swift */,
				ED0D47B82A26F31C0021D5E6 /* MockRecipeStore.swift */,
			);
			path = Mocks;
			sourceTree = "<group>";
		};
		ED1A89B72A251D0D00ED4D13 /* Resources */ = {
			isa = PBXGroup;
			children = (
				ED1A89A72A23FAE200ED4D13 /* MockRecipes.json */,
			);
			path = Resources;
			sourceTree = "<group>";
		};
		ED1A89BA2A25484300ED4D13 /* Utilities */ = {
			isa = PBXGroup;
			children = (
				ED1A89BB2A25485000ED4D13 /* TestURLProtocol.swift */,
			);
			path = Utilities;
			sourceTree = "<group>";
		};
		EDAE5C142A2C0E4900D05955 /* LocationServices */ = {
			isa = PBXGroup;
			children = (
				EDAE5C152A2C0E6B00D05955 /* RecipeLocationGeocodingService.swift */,
			);
			path = LocationServices;
			sourceTree = "<group>";
		};
		EDE7445F2A270167000224EB /* Components */ = {
			isa = PBXGroup;
			children = (
				EDE744622A270187000224EB /* RecipeCardView.swift */,
				EDE7446C2A27A8E2000224EB /* RecipeList.swift */,
				EDE744702A2809B2000224EB /* RecipeImageView.swift */,
				EDE744792A2BDBEF000224EB /* ItemListView.swift */,
				EDE7447B2A2BE108000224EB /* RecipeDescriptionView.swift */,
				EDAE5C1D2A2DA84200D05955 /* MapRecipeCardView.swift */,
			);
			path = Components;
			sourceTree = "<group>";
		};
		EDE744642A27025D000224EB /* Misc */ = {
			isa = PBXGroup;
			children = (
				EDE744652A27026E000224EB /* recipes.json */,
				EDE744742A282DFA000224EB /* ImageLoader.swift */,
				EDAE5C192A2D3EC100D05955 /* PlacemarkWrapper.swift */,
			);
			path = Misc;
			sourceTree = "<group>";
		};
		EDE744692A270325000224EB /* Extensions */ = {
			isa = PBXGroup;
			children = (
				EDE7446A2A27032E000224EB /* Data+Extensions.swift */,
				EDAE5C172A2D36F200D05955 /* CLPlacemark+Extensions.swift */,
			);
			path = Extensions;
			sourceTree = "<group>";
		};
		EDE744762A2AB33C000224EB /* HelperViews */ = {
			isa = PBXGroup;
			children = (
				EDE744772A2AB356000224EB /* TextView.swift */,
			);
			path = HelperViews;
			sourceTree = "<group>";
		};
/* End PBXGroup section */

/* Begin PBXNativeTarget section */
		ED1A89472A22A24000ED4D13 /* YapeRecipesChallenge */ = {
			isa = PBXNativeTarget;
			buildConfigurationList = ED1A896C2A22A24200ED4D13 /* Build configuration list for PBXNativeTarget "YapeRecipesChallenge" */;
			buildPhases = (
				ED1A89442A22A24000ED4D13 /* Sources */,
				ED1A89452A22A24000ED4D13 /* Frameworks */,
				ED1A89462A22A24000ED4D13 /* Resources */,
			);
			buildRules = (
			);
			dependencies = (
			);
			name = YapeRecipesChallenge;
			productName = YapeRecipesChallenge;
			productReference = ED1A89482A22A24000ED4D13 /* YapeRecipesChallenge.app */;
			productType = "com.apple.product-type.application";
		};
		ED1A89572A22A24200ED4D13 /* YapeRecipesChallengeTests */ = {
			isa = PBXNativeTarget;
			buildConfigurationList = ED1A896F2A22A24200ED4D13 /* Build configuration list for PBXNativeTarget "YapeRecipesChallengeTests" */;
			buildPhases = (
				ED1A89542A22A24200ED4D13 /* Sources */,
				ED1A89552A22A24200ED4D13 /* Frameworks */,
				ED1A89562A22A24200ED4D13 /* Resources */,
			);
			buildRules = (
			);
			dependencies = (
				ED1A895A2A22A24200ED4D13 /* PBXTargetDependency */,
			);
			name = YapeRecipesChallengeTests;
			productName = YapeRecipesChallengeTests;
			productReference = ED1A89582A22A24200ED4D13 /* YapeRecipesChallengeTests.xctest */;
			productType = "com.apple.product-type.bundle.unit-test";
		};
/* End PBXNativeTarget section */

/* Begin PBXProject section */
		ED1A89402A22A24000ED4D13 /* Project object */ = {
			isa = PBXProject;
			attributes = {
				BuildIndependentTargetsInParallel = 1;
				LastSwiftUpdateCheck = 1430;
				LastUpgradeCheck = 1430;
				TargetAttributes = {
					ED1A89472A22A24000ED4D13 = {
						CreatedOnToolsVersion = 14.3;
					};
					ED1A89572A22A24200ED4D13 = {
						CreatedOnToolsVersion = 14.3;
						TestTargetID = ED1A89472A22A24000ED4D13;
					};
				};
			};
			buildConfigurationList = ED1A89432A22A24000ED4D13 /* Build configuration list for PBXProject "YapeRecipesChallenge" */;
			compatibilityVersion = "Xcode 14.0";
			developmentRegion = en;
			hasScannedForEncodings = 0;
			knownRegions = (
				en,
				Base,
			);
			mainGroup = ED1A893F2A22A24000ED4D13;
			productRefGroup = ED1A89492A22A24000ED4D13 /* Products */;
			projectDirPath = "";
			projectRoot = "";
			targets = (
				ED1A89472A22A24000ED4D13 /* YapeRecipesChallenge */,
				ED1A89572A22A24200ED4D13 /* YapeRecipesChallengeTests */,
			);
		};
/* End PBXProject section */

/* Begin PBXResourcesBuildPhase section */
		ED1A89462A22A24000ED4D13 /* Resources */ = {
			isa = PBXResourcesBuildPhase;
			buildActionMask = 2147483647;
			files = (
				ED1A89532A22A24200ED4D13 /* Preview Assets.xcassets in Resources */,
				ED1A89A82A23FAE200ED4D13 /* MockRecipes.json in Resources */,
				ED1A89502A22A24200ED4D13 /* Assets.xcassets in Resources */,
				EDE744662A27026E000224EB /* recipes.json in Resources */,
			);
			runOnlyForDeploymentPostprocessing = 0;
		};
		ED1A89562A22A24200ED4D13 /* Resources */ = {
			isa = PBXResourcesBuildPhase;
			buildActionMask = 2147483647;
			files = (
			);
			runOnlyForDeploymentPostprocessing = 0;
		};
/* End PBXResourcesBuildPhase section */

/* Begin PBXSourcesBuildPhase section */
		ED1A89442A22A24000ED4D13 /* Sources */ = {
			isa = PBXSourcesBuildPhase;
			buildActionMask = 2147483647;
			files = (
				ED1A894E2A22A24000ED4D13 /* ContentView.swift in Sources */,
				EDE744782A2AB356000224EB /* TextView.swift in Sources */,
				EDE7446D2A27A8E2000224EB /* RecipeList.swift in Sources */,
				EDE744682A270287000224EB /* Recipe+Extension.swift in Sources */,
				EDE744712A2809B2000224EB /* RecipeImageView.swift in Sources */,
				EDE7447C2A2BE108000224EB /* RecipeDescriptionView.swift in Sources */,
				ED1A89852A22A81500ED4D13 /* HomeView.swift in Sources */,
				ED1A897E2A22A2F600ED4D13 /* Recipe.swift in Sources */,
				EDAE5C1A2A2D3EC100D05955 /* PlacemarkWrapper.swift in Sources */,
				ED0D47B32A26CFB00021D5E6 /* RecipeRequestService.swift in Sources */,
				ED1A89B02A25144A00ED4D13 /* RequestManagerService.swift in Sources */,
				ED1A894C2A22A24000ED4D13 /* YapeRecipesChallengeApp.swift in Sources */,
				ED0D47B02A26CEB00021D5E6 /* RecipeRequest.swift in Sources */,
				EDAE5C112A2BF4E200D05955 /* MapView.swift in Sources */,
				ED1A899C2A23EA4D00ED4D13 /* APIManagerService.swift in Sources */,
				ED1A89962A22E04600ED4D13 /* DataParserServiceProtocol.swift in Sources */,
				ED1A899F2A23EA8E00ED4D13 /* RequestProtocol.swift in Sources */,
				EDE7447A2A2BDBEF000224EB /* ItemListView.swift in Sources */,
				ED0D47B52A26D0930021D5E6 /* RecipeStore.swift in Sources */,
				EDE744752A282DFA000224EB /* ImageLoader.swift in Sources */,
				EDE744632A270187000224EB /* RecipeCardView.swift in Sources */,
				EDAE5C1E2A2DA84200D05955 /* MapRecipeCardView.swift in Sources */,
				EDE7446B2A27032E000224EB /* Data+Extensions.swift in Sources */,
				EDAE5C182A2D36F200D05955 /* CLPlacemark+Extensions.swift in Sources */,
				ED1A89A12A23EB3A00ED4D13 /* RequestType.swift in Sources */,
				EDAE5C132A2BF52300D05955 /* MapLocationsViewModel.swift in Sources */,
				ED0D47BB2A26FC670021D5E6 /* RecipesViewModel.swift in Sources */,
				EDE7446F2A28095A000224EB /* RecipeDetailView.swift in Sources */,
				EDAE5C162A2C0E6B00D05955 /* RecipeLocationGeocodingService.swift in Sources */,
				ED1A89A32A23EC1F00ED4D13 /* Constants.swift in Sources */,
			);
			runOnlyForDeploymentPostprocessing = 0;
		};
		ED1A89542A22A24200ED4D13 /* Sources */ = {
			isa = PBXSourcesBuildPhase;
			buildActionMask = 2147483647;
			files = (
				ED1A89BE2A254B2700ED4D13 /* APIManagerServiceTests.swift in Sources */,
				ED1A89B62A2517A800ED4D13 /* RequestManagerServiceTests.swift in Sources */,
				ED0D47B72A26D3A50021D5E6 /* RecipeStoreTests.swift in Sources */,
				ED1A89992A22E0B700ED4D13 /* DataParserServiceTests.swift in Sources */,
				ED1A89BC2A25485000ED4D13 /* TestURLProtocol.swift in Sources */,
				ED0D47B92A26F31C0021D5E6 /* MockRecipeStore.swift in Sources */,
				ED1A89AB2A24001500ED4D13 /* RequestProtocolTests.swift in Sources */,
				ED1A89B22A25172600ED4D13 /* APIManagerMock.swift in Sources */,
				ED1A89B42A25175A00ED4D13 /* RecipeRequestMock.swift in Sources */,
			);
			runOnlyForDeploymentPostprocessing = 0;
		};
/* End PBXSourcesBuildPhase section */

/* Begin PBXTargetDependency section */
		ED1A895A2A22A24200ED4D13 /* PBXTargetDependency */ = {
			isa = PBXTargetDependency;
			target = ED1A89472A22A24000ED4D13 /* YapeRecipesChallenge */;
			targetProxy = ED1A89592A22A24200ED4D13 /* PBXContainerItemProxy */;
		};
/* End PBXTargetDependency section */

/* Begin XCBuildConfiguration section */
		ED1A896A2A22A24200ED4D13 /* Debug */ = {
			isa = XCBuildConfiguration;
			buildSettings = {
				ALWAYS_SEARCH_USER_PATHS = NO;
				CLANG_ANALYZER_NONNULL = YES;
				CLANG_ANALYZER_NUMBER_OBJECT_CONVERSION = YES_AGGRESSIVE;
				CLANG_CXX_LANGUAGE_STANDARD = "gnu++20";
				CLANG_ENABLE_MODULES = YES;
				CLANG_ENABLE_OBJC_ARC = YES;
				CLANG_ENABLE_OBJC_WEAK = YES;
				CLANG_WARN_BLOCK_CAPTURE_AUTORELEASING = YES;
				CLANG_WARN_BOOL_CONVERSION = YES;
				CLANG_WARN_COMMA = YES;
				CLANG_WARN_CONSTANT_CONVERSION = YES;
				CLANG_WARN_DEPRECATED_OBJC_IMPLEMENTATIONS = YES;
				CLANG_WARN_DIRECT_OBJC_ISA_USAGE = YES_ERROR;
				CLANG_WARN_DOCUMENTATION_COMMENTS = YES;
				CLANG_WARN_EMPTY_BODY = YES;
				CLANG_WARN_ENUM_CONVERSION = YES;
				CLANG_WARN_INFINITE_RECURSION = YES;
				CLANG_WARN_INT_CONVERSION = YES;
				CLANG_WARN_NON_LITERAL_NULL_CONVERSION = YES;
				CLANG_WARN_OBJC_IMPLICIT_RETAIN_SELF = YES;
				CLANG_WARN_OBJC_LITERAL_CONVERSION = YES;
				CLANG_WARN_OBJC_ROOT_CLASS = YES_ERROR;
				CLANG_WARN_QUOTED_INCLUDE_IN_FRAMEWORK_HEADER = YES;
				CLANG_WARN_RANGE_LOOP_ANALYSIS = YES;
				CLANG_WARN_STRICT_PROTOTYPES = YES;
				CLANG_WARN_SUSPICIOUS_MOVE = YES;
				CLANG_WARN_UNGUARDED_AVAILABILITY = YES_AGGRESSIVE;
				CLANG_WARN_UNREACHABLE_CODE = YES;
				CLANG_WARN__DUPLICATE_METHOD_MATCH = YES;
				COPY_PHASE_STRIP = NO;
				DEBUG_INFORMATION_FORMAT = dwarf;
				ENABLE_STRICT_OBJC_MSGSEND = YES;
				ENABLE_TESTABILITY = YES;
				GCC_C_LANGUAGE_STANDARD = gnu11;
				GCC_DYNAMIC_NO_PIC = NO;
				GCC_NO_COMMON_BLOCKS = YES;
				GCC_OPTIMIZATION_LEVEL = 0;
				GCC_PREPROCESSOR_DEFINITIONS = (
					"DEBUG=1",
					"$(inherited)",
				);
				GCC_WARN_64_TO_32_BIT_CONVERSION = YES;
				GCC_WARN_ABOUT_RETURN_TYPE = YES_ERROR;
				GCC_WARN_UNDECLARED_SELECTOR = YES;
				GCC_WARN_UNINITIALIZED_AUTOS = YES_AGGRESSIVE;
				GCC_WARN_UNUSED_FUNCTION = YES;
				GCC_WARN_UNUSED_VARIABLE = YES;
				IPHONEOS_DEPLOYMENT_TARGET = 16.4;
				MTL_ENABLE_DEBUG_INFO = INCLUDE_SOURCE;
				MTL_FAST_MATH = YES;
				ONLY_ACTIVE_ARCH = YES;
				SDKROOT = iphoneos;
				SWIFT_ACTIVE_COMPILATION_CONDITIONS = DEBUG;
				SWIFT_OPTIMIZATION_LEVEL = "-Onone";
			};
			name = Debug;
		};
		ED1A896B2A22A24200ED4D13 /* Release */ = {
			isa = XCBuildConfiguration;
			buildSettings = {
				ALWAYS_SEARCH_USER_PATHS = NO;
				CLANG_ANALYZER_NONNULL = YES;
				CLANG_ANALYZER_NUMBER_OBJECT_CONVERSION = YES_AGGRESSIVE;
				CLANG_CXX_LANGUAGE_STANDARD = "gnu++20";
				CLANG_ENABLE_MODULES = YES;
				CLANG_ENABLE_OBJC_ARC = YES;
				CLANG_ENABLE_OBJC_WEAK = YES;
				CLANG_WARN_BLOCK_CAPTURE_AUTORELEASING = YES;
				CLANG_WARN_BOOL_CONVERSION = YES;
				CLANG_WARN_COMMA = YES;
				CLANG_WARN_CONSTANT_CONVERSION = YES;
				CLANG_WARN_DEPRECATED_OBJC_IMPLEMENTATIONS = YES;
				CLANG_WARN_DIRECT_OBJC_ISA_USAGE = YES_ERROR;
				CLANG_WARN_DOCUMENTATION_COMMENTS = YES;
				CLANG_WARN_EMPTY_BODY = YES;
				CLANG_WARN_ENUM_CONVERSION = YES;
				CLANG_WARN_INFINITE_RECURSION = YES;
				CLANG_WARN_INT_CONVERSION = YES;
				CLANG_WARN_NON_LITERAL_NULL_CONVERSION = YES;
				CLANG_WARN_OBJC_IMPLICIT_RETAIN_SELF = YES;
				CLANG_WARN_OBJC_LITERAL_CONVERSION = YES;
				CLANG_WARN_OBJC_ROOT_CLASS = YES_ERROR;
				CLANG_WARN_QUOTED_INCLUDE_IN_FRAMEWORK_HEADER = YES;
				CLANG_WARN_RANGE_LOOP_ANALYSIS = YES;
				CLANG_WARN_STRICT_PROTOTYPES = YES;
				CLANG_WARN_SUSPICIOUS_MOVE = YES;
				CLANG_WARN_UNGUARDED_AVAILABILITY = YES_AGGRESSIVE;
				CLANG_WARN_UNREACHABLE_CODE = YES;
				CLANG_WARN__DUPLICATE_METHOD_MATCH = YES;
				COPY_PHASE_STRIP = NO;
				DEBUG_INFORMATION_FORMAT = "dwarf-with-dsym";
				ENABLE_NS_ASSERTIONS = NO;
				ENABLE_STRICT_OBJC_MSGSEND = YES;
				GCC_C_LANGUAGE_STANDARD = gnu11;
				GCC_NO_COMMON_BLOCKS = YES;
				GCC_WARN_64_TO_32_BIT_CONVERSION = YES;
				GCC_WARN_ABOUT_RETURN_TYPE = YES_ERROR;
				GCC_WARN_UNDECLARED_SELECTOR = YES;
				GCC_WARN_UNINITIALIZED_AUTOS = YES_AGGRESSIVE;
				GCC_WARN_UNUSED_FUNCTION = YES;
				GCC_WARN_UNUSED_VARIABLE = YES;
				IPHONEOS_DEPLOYMENT_TARGET = 16.4;
				MTL_ENABLE_DEBUG_INFO = NO;
				MTL_FAST_MATH = YES;
				SDKROOT = iphoneos;
				SWIFT_COMPILATION_MODE = wholemodule;
				SWIFT_OPTIMIZATION_LEVEL = "-O";
				VALIDATE_PRODUCT = YES;
			};
			name = Release;
		};
		ED1A896D2A22A24200ED4D13 /* Debug */ = {
			isa = XCBuildConfiguration;
			buildSettings = {
				ASSETCATALOG_COMPILER_APPICON_NAME = AppIcon;
				ASSETCATALOG_COMPILER_GLOBAL_ACCENT_COLOR_NAME = AccentColor;
				CODE_SIGN_STYLE = Automatic;
				CURRENT_PROJECT_VERSION = 1;
				DEVELOPMENT_ASSET_PATHS = "\"YapeRecipesChallenge/Preview Content\"";
				DEVELOPMENT_TEAM = G387Y8424R;
				ENABLE_PREVIEWS = YES;
				GENERATE_INFOPLIST_FILE = YES;
				INFOPLIST_KEY_UIApplicationSceneManifest_Generation = YES;
				INFOPLIST_KEY_UIApplicationSupportsIndirectInputEvents = YES;
				INFOPLIST_KEY_UILaunchScreen_Generation = YES;
				INFOPLIST_KEY_UISupportedInterfaceOrientations_iPad = "UIInterfaceOrientationPortrait UIInterfaceOrientationPortraitUpsideDown UIInterfaceOrientationLandscapeLeft UIInterfaceOrientationLandscapeRight";
				INFOPLIST_KEY_UISupportedInterfaceOrientations_iPhone = "UIInterfaceOrientationPortrait UIInterfaceOrientationLandscapeLeft UIInterfaceOrientationLandscapeRight";
				LD_RUNPATH_SEARCH_PATHS = (
					"$(inherited)",
					"@executable_path/Frameworks",
				);
				MARKETING_VERSION = 1.0;
				PRODUCT_BUNDLE_IDENTIFIER = com.plotpoint.YapeRecipesChallenge;
				PRODUCT_NAME = "$(TARGET_NAME)";
				SWIFT_EMIT_LOC_STRINGS = YES;
				SWIFT_VERSION = 5.0;
				TARGETED_DEVICE_FAMILY = "1,2";
			};
			name = Debug;
		};
		ED1A896E2A22A24200ED4D13 /* Release */ = {
			isa = XCBuildConfiguration;
			buildSettings = {
				ASSETCATALOG_COMPILER_APPICON_NAME = AppIcon;
				ASSETCATALOG_COMPILER_GLOBAL_ACCENT_COLOR_NAME = AccentColor;
				CODE_SIGN_STYLE = Automatic;
				CURRENT_PROJECT_VERSION = 1;
				DEVELOPMENT_ASSET_PATHS = "\"YapeRecipesChallenge/Preview Content\"";
				DEVELOPMENT_TEAM = G387Y8424R;
				ENABLE_PREVIEWS = YES;
				GENERATE_INFOPLIST_FILE = YES;
				INFOPLIST_KEY_UIApplicationSceneManifest_Generation = YES;
				INFOPLIST_KEY_UIApplicationSupportsIndirectInputEvents = YES;
				INFOPLIST_KEY_UILaunchScreen_Generation = YES;
				INFOPLIST_KEY_UISupportedInterfaceOrientations_iPad = "UIInterfaceOrientationPortrait UIInterfaceOrientationPortraitUpsideDown UIInterfaceOrientationLandscapeLeft UIInterfaceOrientationLandscapeRight";
				INFOPLIST_KEY_UISupportedInterfaceOrientations_iPhone = "UIInterfaceOrientationPortrait UIInterfaceOrientationLandscapeLeft UIInterfaceOrientationLandscapeRight";
				LD_RUNPATH_SEARCH_PATHS = (
					"$(inherited)",
					"@executable_path/Frameworks",
				);
				MARKETING_VERSION = 1.0;
				PRODUCT_BUNDLE_IDENTIFIER = com.plotpoint.YapeRecipesChallenge;
				PRODUCT_NAME = "$(TARGET_NAME)";
				SWIFT_EMIT_LOC_STRINGS = YES;
				SWIFT_VERSION = 5.0;
				TARGETED_DEVICE_FAMILY = "1,2";
			};
			name = Release;
		};
		ED1A89702A22A24200ED4D13 /* Debug */ = {
			isa = XCBuildConfiguration;
			buildSettings = {
				ALWAYS_EMBED_SWIFT_STANDARD_LIBRARIES = YES;
				BUNDLE_LOADER = "$(TEST_HOST)";
				CODE_SIGN_STYLE = Automatic;
				CURRENT_PROJECT_VERSION = 1;
				DEVELOPMENT_TEAM = G387Y8424R;
				GENERATE_INFOPLIST_FILE = YES;
				IPHONEOS_DEPLOYMENT_TARGET = 16.4;
				MARKETING_VERSION = 1.0;
				PRODUCT_BUNDLE_IDENTIFIER = com.plotpoint.YapeRecipesChallengeTests;
				PRODUCT_NAME = "$(TARGET_NAME)";
				SWIFT_EMIT_LOC_STRINGS = NO;
				SWIFT_VERSION = 5.0;
				TARGETED_DEVICE_FAMILY = "1,2";
				TEST_HOST = "$(BUILT_PRODUCTS_DIR)/YapeRecipesChallenge.app/$(BUNDLE_EXECUTABLE_FOLDER_PATH)/YapeRecipesChallenge";
			};
			name = Debug;
		};
		ED1A89712A22A24200ED4D13 /* Release */ = {
			isa = XCBuildConfiguration;
			buildSettings = {
				ALWAYS_EMBED_SWIFT_STANDARD_LIBRARIES = YES;
				BUNDLE_LOADER = "$(TEST_HOST)";
				CODE_SIGN_STYLE = Automatic;
				CURRENT_PROJECT_VERSION = 1;
				DEVELOPMENT_TEAM = G387Y8424R;
				GENERATE_INFOPLIST_FILE = YES;
				IPHONEOS_DEPLOYMENT_TARGET = 16.4;
				MARKETING_VERSION = 1.0;
				PRODUCT_BUNDLE_IDENTIFIER = com.plotpoint.YapeRecipesChallengeTests;
				PRODUCT_NAME = "$(TARGET_NAME)";
				SWIFT_EMIT_LOC_STRINGS = NO;
				SWIFT_VERSION = 5.0;
				TARGETED_DEVICE_FAMILY = "1,2";
				TEST_HOST = "$(BUILT_PRODUCTS_DIR)/YapeRecipesChallenge.app/$(BUNDLE_EXECUTABLE_FOLDER_PATH)/YapeRecipesChallenge";
			};
			name = Release;
		};
/* End XCBuildConfiguration section */

/* Begin XCConfigurationList section */
		ED1A89432A22A24000ED4D13 /* Build configuration list for PBXProject "YapeRecipesChallenge" */ = {
			isa = XCConfigurationList;
			buildConfigurations = (
				ED1A896A2A22A24200ED4D13 /* Debug */,
				ED1A896B2A22A24200ED4D13 /* Release */,
			);
			defaultConfigurationIsVisible = 0;
			defaultConfigurationName = Release;
		};
		ED1A896C2A22A24200ED4D13 /* Build configuration list for PBXNativeTarget "YapeRecipesChallenge" */ = {
			isa = XCConfigurationList;
			buildConfigurations = (
				ED1A896D2A22A24200ED4D13 /* Debug */,
				ED1A896E2A22A24200ED4D13 /* Release */,
			);
			defaultConfigurationIsVisible = 0;
			defaultConfigurationName = Release;
		};
		ED1A896F2A22A24200ED4D13 /* Build configuration list for PBXNativeTarget "YapeRecipesChallengeTests" */ = {
			isa = XCConfigurationList;
			buildConfigurations = (
				ED1A89702A22A24200ED4D13 /* Debug */,
				ED1A89712A22A24200ED4D13 /* Release */,
			);
			defaultConfigurationIsVisible = 0;
			defaultConfigurationName = Release;
		};
/* End XCConfigurationList section */
	};
	rootObject = ED1A89402A22A24000ED4D13 /* Project object */;
}
