// !$*UTF8*$!
{
	archiveVersion = 1;
	classes = {
	};
	objectVersion = 56;
	objects = {

/* Begin PBXBuildFile section */
		ED1A894C2A22A24000ED4D13 /* YapeRecipesChallengeApp.swift in Sources */ = {isa = PBXBuildFile; fileRef = ED1A894B2A22A24000ED4D13 /* YapeRecipesChallengeApp.swift */; };
		ED1A894E2A22A24000ED4D13 /* ContentView.swift in Sources */ = {isa = PBXBuildFile; fileRef = ED1A894D2A22A24000ED4D13 /* ContentView.swift */; };
		ED1A89502A22A24200ED4D13 /* Assets.xcassets in Resources */ = {isa = PBXBuildFile; fileRef = ED1A894F2A22A24200ED4D13 /* Assets.xcassets */; };
		ED1A89532A22A24200ED4D13 /* Preview Assets.xcassets in Resources */ = {isa = PBXBuildFile; fileRef = ED1A89522A22A24200ED4D13 /* Preview Assets.xcassets */; };
		ED1A895D2A22A24200ED4D13 /* YapeRecipesChallengeTests.swift in Sources */ = {isa = PBXBuildFile; fileRef = ED1A895C2A22A24200ED4D13 /* YapeRecipesChallengeTests.swift */; };
		ED1A89672A22A24200ED4D13 /* YapeRecipesChallengeUITests.swift in Sources */ = {isa = PBXBuildFile; fileRef = ED1A89662A22A24200ED4D13 /* YapeRecipesChallengeUITests.swift */; };
		ED1A89692A22A24200ED4D13 /* YapeRecipesChallengeUITestsLaunchTests.swift in Sources */ = {isa = PBXBuildFile; fileRef = ED1A89682A22A24200ED4D13 /* YapeRecipesChallengeUITestsLaunchTests.swift */; };
/* End PBXBuildFile section */

/* Begin PBXContainerItemProxy section */
		ED1A89592A22A24200ED4D13 /* PBXContainerItemProxy */ = {
			isa = PBXContainerItemProxy;
			containerPortal = ED1A89402A22A24000ED4D13 /* Project object */;
			proxyType = 1;
			remoteGlobalIDString = ED1A89472A22A24000ED4D13;
			remoteInfo = YapeRecipesChallenge;
		};
		ED1A89632A22A24200ED4D13 /* PBXContainerItemProxy */ = {
			isa = PBXContainerItemProxy;
			containerPortal = ED1A89402A22A24000ED4D13 /* Project object */;
			proxyType = 1;
			remoteGlobalIDString = ED1A89472A22A24000ED4D13;
			remoteInfo = YapeRecipesChallenge;
		};
/* End PBXContainerItemProxy section */

/* Begin PBXFileReference section */
		ED1A89482A22A24000ED4D13 /* YapeRecipesChallenge.app */ = {isa = PBXFileReference; explicitFileType = wrapper.application; includeInIndex = 0; path = YapeRecipesChallenge.app; sourceTree = BUILT_PRODUCTS_DIR; };
		ED1A894B2A22A24000ED4D13 /* YapeRecipesChallengeApp.swift */ = {isa = PBXFileReference; lastKnownFileType = sourcecode.swift; path = YapeRecipesChallengeApp.swift; sourceTree = "<group>"; };
		ED1A894D2A22A24000ED4D13 /* ContentView.swift */ = {isa = PBXFileReference; lastKnownFileType = sourcecode.swift; path = ContentView.swift; sourceTree = "<group>"; };
		ED1A894F2A22A24200ED4D13 /* Assets.xcassets */ = {isa = PBXFileReference; lastKnownFileType = folder.assetcatalog; path = Assets.xcassets; sourceTree = "<group>"; };
		ED1A89522A22A24200ED4D13 /* Preview Assets.xcassets */ = {isa = PBXFileReference; lastKnownFileType = folder.assetcatalog; path = "Preview Assets.xcassets"; sourceTree = "<group>"; };
		ED1A89582A22A24200ED4D13 /* YapeRecipesChallengeTests.xctest */ = {isa = PBXFileReference; explicitFileType = wrapper.cfbundle; includeInIndex = 0; path = YapeRecipesChallengeTests.xctest; sourceTree = BUILT_PRODUCTS_DIR; };
		ED1A895C2A22A24200ED4D13 /* YapeRecipesChallengeTests.swift */ = {isa = PBXFileReference; lastKnownFileType = sourcecode.swift; path = YapeRecipesChallengeTests.swift; sourceTree = "<group>"; };
		ED1A89622A22A24200ED4D13 /* YapeRecipesChallengeUITests.xctest */ = {isa = PBXFileReference; explicitFileType = wrapper.cfbundle; includeInIndex = 0; path = YapeRecipesChallengeUITests.xctest; sourceTree = BUILT_PRODUCTS_DIR; };
		ED1A89662A22A24200ED4D13 /* YapeRecipesChallengeUITests.swift */ = {isa = PBXFileReference; lastKnownFileType = sourcecode.swift; path = YapeRecipesChallengeUITests.swift; sourceTree = "<group>"; };
		ED1A89682A22A24200ED4D13 /* YapeRecipesChallengeUITestsLaunchTests.swift */ = {isa = PBXFileReference; lastKnownFileType = sourcecode.swift; path = YapeRecipesChallengeUITestsLaunchTests.swift; sourceTree = "<group>"; };
/* End PBXFileReference section */

/* Begin PBXFrameworksBuildPhase section */
		ED1A89452A22A24000ED4D13 /* Frameworks */ = {
			isa = PBXFrameworksBuildPhase;
			buildActionMask = 2147483647;
			files = (
			);
			runOnlyForDeploymentPostprocessing = 0;
		};
		ED1A89552A22A24200ED4D13 /* Frameworks */ = {
			isa = PBXFrameworksBuildPhase;
			buildActionMask = 2147483647;
			files = (
			);
			runOnlyForDeploymentPostprocessing = 0;
		};
		ED1A895F2A22A24200ED4D13 /* Frameworks */ = {
			isa = PBXFrameworksBuildPhase;
			buildActionMask = 2147483647;
			files = (
			);
			runOnlyForDeploymentPostprocessing = 0;
		};
/* End PBXFrameworksBuildPhase section */

/* Begin PBXGroup section */
		ED1A893F2A22A24000ED4D13 = {
			isa = PBXGroup;
			children = (
				ED1A894A2A22A24000ED4D13 /* YapeRecipesChallenge */,
				ED1A895B2A22A24200ED4D13 /* YapeRecipesChallengeTests */,
				ED1A89652A22A24200ED4D13 /* YapeRecipesChallengeUITests */,
				ED1A89492A22A24000ED4D13 /* Products */,
			);
			sourceTree = "<group>";
		};
		ED1A89492A22A24000ED4D13 /* Products */ = {
			isa = PBXGroup;
			children = (
				ED1A89482A22A24000ED4D13 /* YapeRecipesChallenge.app */,
				ED1A89582A22A24200ED4D13 /* YapeRecipesChallengeTests.xctest */,
				ED1A89622A22A24200ED4D13 /* YapeRecipesChallengeUITests.xctest */,
			);
			name = Products;
			sourceTree = "<group>";
		};
		ED1A894A2A22A24000ED4D13 /* YapeRecipesChallenge */ = {
			isa = PBXGroup;
			children = (
				ED1A894B2A22A24000ED4D13 /* YapeRecipesChallengeApp.swift */,
				ED1A894D2A22A24000ED4D13 /* ContentView.swift */,
				ED1A894F2A22A24200ED4D13 /* Assets.xcassets */,
				ED1A89512A22A24200ED4D13 /* Preview Content */,
			);
			path = YapeRecipesChallenge;
			sourceTree = "<group>";
		};
		ED1A89512A22A24200ED4D13 /* Preview Content */ = {
			isa = PBXGroup;
			children = (
				ED1A89522A22A24200ED4D13 /* Preview Assets.xcassets */,
			);
			path = "Preview Content";
			sourceTree = "<group>";
		};
		ED1A895B2A22A24200ED4D13 /* YapeRecipesChallengeTests */ = {
			isa = PBXGroup;
			children = (
				ED1A895C2A22A24200ED4D13 /* YapeRecipesChallengeTests.swift */,
			);
			path = YapeRecipesChallengeTests;
			sourceTree = "<group>";
		};
		ED1A89652A22A24200ED4D13 /* YapeRecipesChallengeUITests */ = {
			isa = PBXGroup;
			children = (
				ED1A89662A22A24200ED4D13 /* YapeRecipesChallengeUITests.swift */,
				ED1A89682A22A24200ED4D13 /* YapeRecipesChallengeUITestsLaunchTests.swift */,
			);
			path = YapeRecipesChallengeUITests;
			sourceTree = "<group>";
		};
/* End PBXGroup section */

/* Begin PBXNativeTarget section */
		ED1A89472A22A24000ED4D13 /* YapeRecipesChallenge */ = {
			isa = PBXNativeTarget;
			buildConfigurationList = ED1A896C2A22A24200ED4D13 /* Build configuration list for PBXNativeTarget "YapeRecipesChallenge" */;
			buildPhases = (
				ED1A89442A22A24000ED4D13 /* Sources */,
				ED1A89452A22A24000ED4D13 /* Frameworks */,
				ED1A89462A22A24000ED4D13 /* Resources */,
			);
			buildRules = (
			);
			dependencies = (
			);
			name = YapeRecipesChallenge;
			productName = YapeRecipesChallenge;
			productReference = ED1A89482A22A24000ED4D13 /* YapeRecipesChallenge.app */;
			productType = "com.apple.product-type.application";
		};
		ED1A89572A22A24200ED4D13 /* YapeRecipesChallengeTests */ = {
			isa = PBXNativeTarget;
			buildConfigurationList = ED1A896F2A22A24200ED4D13 /* Build configuration list for PBXNativeTarget "YapeRecipesChallengeTests" */;
			buildPhases = (
				ED1A89542A22A24200ED4D13 /* Sources */,
				ED1A89552A22A24200ED4D13 /* Frameworks */,
				ED1A89562A22A24200ED4D13 /* Resources */,
			);
			buildRules = (
			);
			dependencies = (
				ED1A895A2A22A24200ED4D13 /* PBXTargetDependency */,
			);
			name = YapeRecipesChallengeTests;
			productName = YapeRecipesChallengeTests;
			productReference = ED1A89582A22A24200ED4D13 /* YapeRecipesChallengeTests.xctest */;
			productType = "com.apple.product-type.bundle.unit-test";
		};
		ED1A89612A22A24200ED4D13 /* YapeRecipesChallengeUITests */ = {
			isa = PBXNativeTarget;
			buildConfigurationList = ED1A89722A22A24200ED4D13 /* Build configuration list for PBXNativeTarget "YapeRecipesChallengeUITests" */;
			buildPhases = (
				ED1A895E2A22A24200ED4D13 /* Sources */,
				ED1A895F2A22A24200ED4D13 /* Frameworks */,
				ED1A89602A22A24200ED4D13 /* Resources */,
			);
			buildRules = (
			);
			dependencies = (
				ED1A89642A22A24200ED4D13 /* PBXTargetDependency */,
			);
			name = YapeRecipesChallengeUITests;
			productName = YapeRecipesChallengeUITests;
			productReference = ED1A89622A22A24200ED4D13 /* YapeRecipesChallengeUITests.xctest */;
			productType = "com.apple.product-type.bundle.ui-testing";
		};
/* End PBXNativeTarget section */

/* Begin PBXProject section */
		ED1A89402A22A24000ED4D13 /* Project object */ = {
			isa = PBXProject;
			attributes = {
				BuildIndependentTargetsInParallel = 1;
				LastSwiftUpdateCheck = 1430;
				LastUpgradeCheck = 1430;
				TargetAttributes = {
					ED1A89472A22A24000ED4D13 = {
						CreatedOnToolsVersion = 14.3;
					};
					ED1A89572A22A24200ED4D13 = {
						CreatedOnToolsVersion = 14.3;
						TestTargetID = ED1A89472A22A24000ED4D13;
					};
					ED1A89612A22A24200ED4D13 = {
						CreatedOnToolsVersion = 14.3;
						TestTargetID = ED1A89472A22A24000ED4D13;
					};
				};
			};
			buildConfigurationList = ED1A89432A22A24000ED4D13 /* Build configuration list for PBXProject "YapeRecipesChallenge" */;
			compatibilityVersion = "Xcode 14.0";
			developmentRegion = en;
			hasScannedForEncodings = 0;
			knownRegions = (
				en,
				Base,
			);
			mainGroup = ED1A893F2A22A24000ED4D13;
			productRefGroup = ED1A89492A22A24000ED4D13 /* Products */;
			projectDirPath = "";
			projectRoot = "";
			targets = (
				ED1A89472A22A24000ED4D13 /* YapeRecipesChallenge */,
				ED1A89572A22A24200ED4D13 /* YapeRecipesChallengeTests */,
				ED1A89612A22A24200ED4D13 /* YapeRecipesChallengeUITests */,
			);
		};
/* End PBXProject section */

/* Begin PBXResourcesBuildPhase section */
		ED1A89462A22A24000ED4D13 /* Resources */ = {
			isa = PBXResourcesBuildPhase;
			buildActionMask = 2147483647;
			files = (
				ED1A89532A22A24200ED4D13 /* Preview Assets.xcassets in Resources */,
				ED1A89502A22A24200ED4D13 /* Assets.xcassets in Resources */,
			);
			runOnlyForDeploymentPostprocessing = 0;
		};
		ED1A89562A22A24200ED4D13 /* Resources */ = {
			isa = PBXResourcesBuildPhase;
			buildActionMask = 2147483647;
			files = (
			);
			runOnlyForDeploymentPostprocessing = 0;
		};
		ED1A89602A22A24200ED4D13 /* Resources */ = {
			isa = PBXResourcesBuildPhase;
			buildActionMask = 2147483647;
			files = (
			);
			runOnlyForDeploymentPostprocessing = 0;
		};
/* End PBXResourcesBuildPhase section */

/* Begin PBXSourcesBuildPhase section */
		ED1A89442A22A24000ED4D13 /* Sources */ = {
			isa = PBXSourcesBuildPhase;
			buildActionMask = 2147483647;
			files = (
				ED1A894E2A22A24000ED4D13 /* ContentView.swift in Sources */,
				ED1A894C2A22A24000ED4D13 /* YapeRecipesChallengeApp.swift in Sources */,
			);
			runOnlyForDeploymentPostprocessing = 0;
		};
		ED1A89542A22A24200ED4D13 /* Sources */ = {
			isa = PBXSourcesBuildPhase;
			buildActionMask = 2147483647;
			files = (
				ED1A895D2A22A24200ED4D13 /* YapeRecipesChallengeTests.swift in Sources */,
			);
			runOnlyForDeploymentPostprocessing = 0;
		};
		ED1A895E2A22A24200ED4D13 /* Sources */ = {
			isa = PBXSourcesBuildPhase;
			buildActionMask = 2147483647;
			files = (
				ED1A89672A22A24200ED4D13 /* YapeRecipesChallengeUITests.swift in Sources */,
				ED1A89692A22A24200ED4D13 /* YapeRecipesChallengeUITestsLaunchTests.swift in Sources */,
			);
			runOnlyForDeploymentPostprocessing = 0;
		};
/* End PBXSourcesBuildPhase section */

/* Begin PBXTargetDependency section */
		ED1A895A2A22A24200ED4D13 /* PBXTargetDependency */ = {
			isa = PBXTargetDependency;
			target = ED1A89472A22A24000ED4D13 /* YapeRecipesChallenge */;
			targetProxy = ED1A89592A22A24200ED4D13 /* PBXContainerItemProxy */;
		};
		ED1A89642A22A24200ED4D13 /* PBXTargetDependency */ = {
			isa = PBXTargetDependency;
			target = ED1A89472A22A24000ED4D13 /* YapeRecipesChallenge */;
			targetProxy = ED1A89632A22A24200ED4D13 /* PBXContainerItemProxy */;
		};
/* End PBXTargetDependency section */

/* Begin XCBuildConfiguration section */
		ED1A896A2A22A24200ED4D13 /* Debug */ = {
			isa = XCBuildConfiguration;
			buildSettings = {
				ALWAYS_SEARCH_USER_PATHS = NO;
				CLANG_ANALYZER_NONNULL = YES;
				CLANG_ANALYZER_NUMBER_OBJECT_CONVERSION = YES_AGGRESSIVE;
				CLANG_CXX_LANGUAGE_STANDARD = "gnu++20";
				CLANG_ENABLE_MODULES = YES;
				CLANG_ENABLE_OBJC_ARC = YES;
				CLANG_ENABLE_OBJC_WEAK = YES;
				CLANG_WARN_BLOCK_CAPTURE_AUTORELEASING = YES;
				CLANG_WARN_BOOL_CONVERSION = YES;
				CLANG_WARN_COMMA = YES;
				CLANG_WARN_CONSTANT_CONVERSION = YES;
				CLANG_WARN_DEPRECATED_OBJC_IMPLEMENTATIONS = YES;
				CLANG_WARN_DIRECT_OBJC_ISA_USAGE = YES_ERROR;
				CLANG_WARN_DOCUMENTATION_COMMENTS = YES;
				CLANG_WARN_EMPTY_BODY = YES;
				CLANG_WARN_ENUM_CONVERSION = YES;
				CLANG_WARN_INFINITE_RECURSION = YES;
				CLANG_WARN_INT_CONVERSION = YES;
				CLANG_WARN_NON_LITERAL_NULL_CONVERSION = YES;
				CLANG_WARN_OBJC_IMPLICIT_RETAIN_SELF = YES;
				CLANG_WARN_OBJC_LITERAL_CONVERSION = YES;
				CLANG_WARN_OBJC_ROOT_CLASS = YES_ERROR;
				CLANG_WARN_QUOTED_INCLUDE_IN_FRAMEWORK_HEADER = YES;
				CLANG_WARN_RANGE_LOOP_ANALYSIS = YES;
				CLANG_WARN_STRICT_PROTOTYPES = YES;
				CLANG_WARN_SUSPICIOUS_MOVE = YES;
				CLANG_WARN_UNGUARDED_AVAILABILITY = YES_AGGRESSIVE;
				CLANG_WARN_UNREACHABLE_CODE = YES;
				CLANG_WARN__DUPLICATE_METHOD_MATCH = YES;
				COPY_PHASE_STRIP = NO;
				DEBUG_INFORMATION_FORMAT = dwarf;
				ENABLE_STRICT_OBJC_MSGSEND = YES;
				ENABLE_TESTABILITY = YES;
				GCC_C_LANGUAGE_STANDARD = gnu11;
				GCC_DYNAMIC_NO_PIC = NO;
				GCC_NO_COMMON_BLOCKS = YES;
				GCC_OPTIMIZATION_LEVEL = 0;
				GCC_PREPROCESSOR_DEFINITIONS = (
					"DEBUG=1",
					"$(inherited)",
				);
				GCC_WARN_64_TO_32_BIT_CONVERSION = YES;
				GCC_WARN_ABOUT_RETURN_TYPE = YES_ERROR;
				GCC_WARN_UNDECLARED_SELECTOR = YES;
				GCC_WARN_UNINITIALIZED_AUTOS = YES_AGGRESSIVE;
				GCC_WARN_UNUSED_FUNCTION = YES;
				GCC_WARN_UNUSED_VARIABLE = YES;
				IPHONEOS_DEPLOYMENT_TARGET = 16.4;
				MTL_ENABLE_DEBUG_INFO = INCLUDE_SOURCE;
				MTL_FAST_MATH = YES;
				ONLY_ACTIVE_ARCH = YES;
				SDKROOT = iphoneos;
				SWIFT_ACTIVE_COMPILATION_CONDITIONS = DEBUG;
				SWIFT_OPTIMIZATION_LEVEL = "-Onone";
			};
			name = Debug;
		};
		ED1A896B2A22A24200ED4D13 /* Release */ = {
			isa = XCBuildConfiguration;
			buildSettings = {
				ALWAYS_SEARCH_USER_PATHS = NO;
				CLANG_ANALYZER_NONNULL = YES;
				CLANG_ANALYZER_NUMBER_OBJECT_CONVERSION = YES_AGGRESSIVE;
				CLANG_CXX_LANGUAGE_STANDARD = "gnu++20";
				CLANG_ENABLE_MODULES = YES;
				CLANG_ENABLE_OBJC_ARC = YES;
				CLANG_ENABLE_OBJC_WEAK = YES;
				CLANG_WARN_BLOCK_CAPTURE_AUTORELEASING = YES;
				CLANG_WARN_BOOL_CONVERSION = YES;
				CLANG_WARN_COMMA = YES;
				CLANG_WARN_CONSTANT_CONVERSION = YES;
				CLANG_WARN_DEPRECATED_OBJC_IMPLEMENTATIONS = YES;
				CLANG_WARN_DIRECT_OBJC_ISA_USAGE = YES_ERROR;
				CLANG_WARN_DOCUMENTATION_COMMENTS = YES;
				CLANG_WARN_EMPTY_BODY = YES;
				CLANG_WARN_ENUM_CONVERSION = YES;
				CLANG_WARN_INFINITE_RECURSION = YES;
				CLANG_WARN_INT_CONVERSION = YES;
				CLANG_WARN_NON_LITERAL_NULL_CONVERSION = YES;
				CLANG_WARN_OBJC_IMPLICIT_RETAIN_SELF = YES;
				CLANG_WARN_OBJC_LITERAL_CONVERSION = YES;
				CLANG_WARN_OBJC_ROOT_CLASS = YES_ERROR;
				CLANG_WARN_QUOTED_INCLUDE_IN_FRAMEWORK_HEADER = YES;
				CLANG_WARN_RANGE_LOOP_ANALYSIS = YES;
				CLANG_WARN_STRICT_PROTOTYPES = YES;
				CLANG_WARN_SUSPICIOUS_MOVE = YES;
				CLANG_WARN_UNGUARDED_AVAILABILITY = YES_AGGRESSIVE;
				CLANG_WARN_UNREACHABLE_CODE = YES;
				CLANG_WARN__DUPLICATE_METHOD_MATCH = YES;
				COPY_PHASE_STRIP = NO;
				DEBUG_INFORMATION_FORMAT = "dwarf-with-dsym";
				ENABLE_NS_ASSERTIONS = NO;
				ENABLE_STRICT_OBJC_MSGSEND = YES;
				GCC_C_LANGUAGE_STANDARD = gnu11;
				GCC_NO_COMMON_BLOCKS = YES;
				GCC_WARN_64_TO_32_BIT_CONVERSION = YES;
				GCC_WARN_ABOUT_RETURN_TYPE = YES_ERROR;
				GCC_WARN_UNDECLARED_SELECTOR = YES;
				GCC_WARN_UNINITIALIZED_AUTOS = YES_AGGRESSIVE;
				GCC_WARN_UNUSED_FUNCTION = YES;
				GCC_WARN_UNUSED_VARIABLE = YES;
				IPHONEOS_DEPLOYMENT_TARGET = 16.4;
				MTL_ENABLE_DEBUG_INFO = NO;
				MTL_FAST_MATH = YES;
				SDKROOT = iphoneos;
				SWIFT_COMPILATION_MODE = wholemodule;
				SWIFT_OPTIMIZATION_LEVEL = "-O";
				VALIDATE_PRODUCT = YES;
			};
			name = Release;
		};
		ED1A896D2A22A24200ED4D13 /* Debug */ = {
			isa = XCBuildConfiguration;
			buildSettings = {
				ASSETCATALOG_COMPILER_APPICON_NAME = AppIcon;
				ASSETCATALOG_COMPILER_GLOBAL_ACCENT_COLOR_NAME = AccentColor;
				CODE_SIGN_STYLE = Automatic;
				CURRENT_PROJECT_VERSION = 1;
				DEVELOPMENT_ASSET_PATHS = "\"YapeRecipesChallenge/Preview Content\"";
				DEVELOPMENT_TEAM = G387Y8424R;
				ENABLE_PREVIEWS = YES;
				GENERATE_INFOPLIST_FILE = YES;
				INFOPLIST_KEY_UIApplicationSceneManifest_Generation = YES;
				INFOPLIST_KEY_UIApplicationSupportsIndirectInputEvents = YES;
				INFOPLIST_KEY_UILaunchScreen_Generation = YES;
				INFOPLIST_KEY_UISupportedInterfaceOrientations_iPad = "UIInterfaceOrientationPortrait UIInterfaceOrientationPortraitUpsideDown UIInterfaceOrientationLandscapeLeft UIInterfaceOrientationLandscapeRight";
				INFOPLIST_KEY_UISupportedInterfaceOrientations_iPhone = "UIInterfaceOrientationPortrait UIInterfaceOrientationLandscapeLeft UIInterfaceOrientationLandscapeRight";
				LD_RUNPATH_SEARCH_PATHS = (
					"$(inherited)",
					"@executable_path/Frameworks",
				);
				MARKETING_VERSION = 1.0;
				PRODUCT_BUNDLE_IDENTIFIER = com.plotpoint.YapeRecipesChallenge;
				PRODUCT_NAME = "$(TARGET_NAME)";
				SWIFT_EMIT_LOC_STRINGS = YES;
				SWIFT_VERSION = 5.0;
				TARGETED_DEVICE_FAMILY = "1,2";
			};
			name = Debug;
		};
		ED1A896E2A22A24200ED4D13 /* Release */ = {
			isa = XCBuildConfiguration;
			buildSettings = {
				ASSETCATALOG_COMPILER_APPICON_NAME = AppIcon;
				ASSETCATALOG_COMPILER_GLOBAL_ACCENT_COLOR_NAME = AccentColor;
				CODE_SIGN_STYLE = Automatic;
				CURRENT_PROJECT_VERSION = 1;
				DEVELOPMENT_ASSET_PATHS = "\"YapeRecipesChallenge/Preview Content\"";
				DEVELOPMENT_TEAM = G387Y8424R;
				ENABLE_PREVIEWS = YES;
				GENERATE_INFOPLIST_FILE = YES;
				INFOPLIST_KEY_UIApplicationSceneManifest_Generation = YES;
				INFOPLIST_KEY_UIApplicationSupportsIndirectInputEvents = YES;
				INFOPLIST_KEY_UILaunchScreen_Generation = YES;
				INFOPLIST_KEY_UISupportedInterfaceOrientations_iPad = "UIInterfaceOrientationPortrait UIInterfaceOrientationPortraitUpsideDown UIInterfaceOrientationLandscapeLeft UIInterfaceOrientationLandscapeRight";
				INFOPLIST_KEY_UISupportedInterfaceOrientations_iPhone = "UIInterfaceOrientationPortrait UIInterfaceOrientationLandscapeLeft UIInterfaceOrientationLandscapeRight";
				LD_RUNPATH_SEARCH_PATHS = (
					"$(inherited)",
					"@executable_path/Frameworks",
				);
				MARKETING_VERSION = 1.0;
				PRODUCT_BUNDLE_IDENTIFIER = com.plotpoint.YapeRecipesChallenge;
				PRODUCT_NAME = "$(TARGET_NAME)";
				SWIFT_EMIT_LOC_STRINGS = YES;
				SWIFT_VERSION = 5.0;
				TARGETED_DEVICE_FAMILY = "1,2";
			};
			name = Release;
		};
		ED1A89702A22A24200ED4D13 /* Debug */ = {
			isa = XCBuildConfiguration;
			buildSettings = {
				ALWAYS_EMBED_SWIFT_STANDARD_LIBRARIES = YES;
				BUNDLE_LOADER = "$(TEST_HOST)";
				CODE_SIGN_STYLE = Automatic;
				CURRENT_PROJECT_VERSION = 1;
				DEVELOPMENT_TEAM = G387Y8424R;
				GENERATE_INFOPLIST_FILE = YES;
				IPHONEOS_DEPLOYMENT_TARGET = 16.4;
				MARKETING_VERSION = 1.0;
				PRODUCT_BUNDLE_IDENTIFIER = com.plotpoint.YapeRecipesChallengeTests;
				PRODUCT_NAME = "$(TARGET_NAME)";
				SWIFT_EMIT_LOC_STRINGS = NO;
				SWIFT_VERSION = 5.0;
				TARGETED_DEVICE_FAMILY = "1,2";
				TEST_HOST = "$(BUILT_PRODUCTS_DIR)/YapeRecipesChallenge.app/$(BUNDLE_EXECUTABLE_FOLDER_PATH)/YapeRecipesChallenge";
			};
			name = Debug;
		};
		ED1A89712A22A24200ED4D13 /* Release */ = {
			isa = XCBuildConfiguration;
			buildSettings = {
				ALWAYS_EMBED_SWIFT_STANDARD_LIBRARIES = YES;
				BUNDLE_LOADER = "$(TEST_HOST)";
				CODE_SIGN_STYLE = Automatic;
				CURRENT_PROJECT_VERSION = 1;
				DEVELOPMENT_TEAM = G387Y8424R;
				GENERATE_INFOPLIST_FILE = YES;
				IPHONEOS_DEPLOYMENT_TARGET = 16.4;
				MARKETING_VERSION = 1.0;
				PRODUCT_BUNDLE_IDENTIFIER = com.plotpoint.YapeRecipesChallengeTests;
				PRODUCT_NAME = "$(TARGET_NAME)";
				SWIFT_EMIT_LOC_STRINGS = NO;
				SWIFT_VERSION = 5.0;
				TARGETED_DEVICE_FAMILY = "1,2";
				TEST_HOST = "$(BUILT_PRODUCTS_DIR)/YapeRecipesChallenge.app/$(BUNDLE_EXECUTABLE_FOLDER_PATH)/YapeRecipesChallenge";
			};
			name = Release;
		};
		ED1A89732A22A24200ED4D13 /* Debug */ = {
			isa = XCBuildConfiguration;
			buildSettings = {
				ALWAYS_EMBED_SWIFT_STANDARD_LIBRARIES = YES;
				CODE_SIGN_STYLE = Automatic;
				CURRENT_PROJECT_VERSION = 1;
				DEVELOPMENT_TEAM = G387Y8424R;
				GENERATE_INFOPLIST_FILE = YES;
				MARKETING_VERSION = 1.0;
				PRODUCT_BUNDLE_IDENTIFIER = com.plotpoint.YapeRecipesChallengeUITests;
				PRODUCT_NAME = "$(TARGET_NAME)";
				SWIFT_EMIT_LOC_STRINGS = NO;
				SWIFT_VERSION = 5.0;
				TARGETED_DEVICE_FAMILY = "1,2";
				TEST_TARGET_NAME = YapeRecipesChallenge;
			};
			name = Debug;
		};
		ED1A89742A22A24200ED4D13 /* Release */ = {
			isa = XCBuildConfiguration;
			buildSettings = {
				ALWAYS_EMBED_SWIFT_STANDARD_LIBRARIES = YES;
				CODE_SIGN_STYLE = Automatic;
				CURRENT_PROJECT_VERSION = 1;
				DEVELOPMENT_TEAM = G387Y8424R;
				GENERATE_INFOPLIST_FILE = YES;
				MARKETING_VERSION = 1.0;
				PRODUCT_BUNDLE_IDENTIFIER = com.plotpoint.YapeRecipesChallengeUITests;
				PRODUCT_NAME = "$(TARGET_NAME)";
				SWIFT_EMIT_LOC_STRINGS = NO;
				SWIFT_VERSION = 5.0;
				TARGETED_DEVICE_FAMILY = "1,2";
				TEST_TARGET_NAME = YapeRecipesChallenge;
			};
			name = Release;
		};
/* End XCBuildConfiguration section */

/* Begin XCConfigurationList section */
		ED1A89432A22A24000ED4D13 /* Build configuration list for PBXProject "YapeRecipesChallenge" */ = {
			isa = XCConfigurationList;
			buildConfigurations = (
				ED1A896A2A22A24200ED4D13 /* Debug */,
				ED1A896B2A22A24200ED4D13 /* Release */,
			);
			defaultConfigurationIsVisible = 0;
			defaultConfigurationName = Release;
		};
		ED1A896C2A22A24200ED4D13 /* Build configuration list for PBXNativeTarget "YapeRecipesChallenge" */ = {
			isa = XCConfigurationList;
			buildConfigurations = (
				ED1A896D2A22A24200ED4D13 /* Debug */,
				ED1A896E2A22A24200ED4D13 /* Release */,
			);
			defaultConfigurationIsVisible = 0;
			defaultConfigurationName = Release;
		};
		ED1A896F2A22A24200ED4D13 /* Build configuration list for PBXNativeTarget "YapeRecipesChallengeTests" */ = {
			isa = XCConfigurationList;
			buildConfigurations = (
				ED1A89702A22A24200ED4D13 /* Debug */,
				ED1A89712A22A24200ED4D13 /* Release */,
			);
			defaultConfigurationIsVisible = 0;
			defaultConfigurationName = Release;
		};
		ED1A89722A22A24200ED4D13 /* Build configuration list for PBXNativeTarget "YapeRecipesChallengeUITests" */ = {
			isa = XCConfigurationList;
			buildConfigurations = (
				ED1A89732A22A24200ED4D13 /* Debug */,
				ED1A89742A22A24200ED4D13 /* Release */,
			);
			defaultConfigurationIsVisible = 0;
			defaultConfigurationName = Release;
		};
/* End XCConfigurationList section */
	};
	rootObject = ED1A89402A22A24000ED4D13 /* Project object */;
}
